
Microsoft Visual Studio Solution File, Format Version 12.00
# Visual Studio Version 16
VisualStudioVersion = 16.0.30717.126
MinimumVisualStudioVersion = 10.0.40219.1
Project("{9A19103F-16F7-4668-BE54-9A1E7A4F7556}") = "ConcreteBeamCalculatorForm", "ConcreteBeamCalculator\ConcreteBeamCalculatorForm.csproj", "{3A34E8C5-C2F9-42B4-973B-57F5ECEDEBCA}"
EndProject
Project("{FAE04EC0-301F-11D3-BF4B-00C04F79EFBC}") = "ConcreteBeamClasses", "ConcreteBeamClasses\ConcreteBeamClasses.csproj", "{956F9698-D8C6-4BC6-9035-DFDCDB6E3EA1}"
EndProject
Project("{FAE04EC0-301F-11D3-BF4B-00C04F79EFBC}") = "ConcreteBeamClassesTests", "ConcreteBeamClassesTests\ConcreteBeamClassesTests.csproj", "{AC8FD157-AC70-4E09-9CBA-E226E242D0BA}"
EndProject
Global
	GlobalSection(SolutionConfigurationPlatforms) = preSolution
		Debug|Any CPU = Debug|Any CPU
		Release|Any CPU = Release|Any CPU
	EndGlobalSection
	GlobalSection(ProjectConfigurationPlatforms) = postSolution
		{3A34E8C5-C2F9-42B4-973B-57F5ECEDEBCA}.Debug|Any CPU.ActiveCfg = Debug|Any CPU
		{3A34E8C5-C2F9-42B4-973B-57F5ECEDEBCA}.Debug|Any CPU.Build.0 = Debug|Any CPU
		{3A34E8C5-C2F9-42B4-973B-57F5ECEDEBCA}.Release|Any CPU.ActiveCfg = Release|Any CPU
		{3A34E8C5-C2F9-42B4-973B-57F5ECEDEBCA}.Release|Any CPU.Build.0 = Release|Any CPU
		{956F9698-D8C6-4BC6-9035-DFDCDB6E3EA1}.Debug|Any CPU.ActiveCfg = Debug|Any CPU
		{956F9698-D8C6-4BC6-9035-DFDCDB6E3EA1}.Debug|Any CPU.Build.0 = Debug|Any CPU
		{956F9698-D8C6-4BC6-9035-DFDCDB6E3EA1}.Release|Any CPU.ActiveCfg = Release|Any CPU
		{956F9698-D8C6-4BC6-9035-DFDCDB6E3EA1}.Release|Any CPU.Build.0 = Release|Any CPU
		{AC8FD157-AC70-4E09-9CBA-E226E242D0BA}.Debug|Any CPU.ActiveCfg = Debug|Any CPU
		{AC8FD157-AC70-4E09-9CBA-E226E242D0BA}.Debug|Any CPU.Build.0 = Debug|Any CPU
		{AC8FD157-AC70-4E09-9CBA-E226E242D0BA}.Release|Any CPU.ActiveCfg = Release|Any CPU
		{AC8FD157-AC70-4E09-9CBA-E226E242D0BA}.Release|Any CPU.Build.0 = Release|Any CPU
	EndGlobalSection
	GlobalSection(SolutionProperties) = preSolution
		HideSolutionNode = FALSE
	EndGlobalSection
	GlobalSection(ExtensibilityGlobals) = postSolution
		SolutionGuid = {6FD07355-276E-40B6-8AC8-471108FEAF54}
	EndGlobalSection
EndGlobal
